
Microsoft Visual Studio Solution File, Format Version 12.00
# Visual Studio 15
VisualStudioVersion = 15.0.27004.2008
MinimumVisualStudioVersion = 10.0.40219.1
Project("{FAE04EC0-301F-11D3-BF4B-00C04F79EFBC}") = "HydroLogger", "HydroLogger\HydroLogger.csproj", "{692AAF5E-D000-4B78-9826-2972143A6B9B}"
EndProject
Global
	GlobalSection(SolutionConfigurationPlatforms) = preSolution
		Debug|Any CPU = Debug|Any CPU
		Release|Any CPU = Release|Any CPU
	EndGlobalSection
	GlobalSection(ProjectConfigurationPlatforms) = postSolution
		{692AAF5E-D000-4B78-9826-2972143A6B9B}.Debug|Any CPU.ActiveCfg = Debug|Any CPU
		{692AAF5E-D000-4B78-9826-2972143A6B9B}.Debug|Any CPU.Build.0 = Debug|Any CPU
		{692AAF5E-D000-4B78-9826-2972143A6B9B}.Release|Any CPU.ActiveCfg = Release|Any CPU
		{692AAF5E-D000-4B78-9826-2972143A6B9B}.Release|Any CPU.Build.0 = Release|Any CPU
	EndGlobalSection
	GlobalSection(SolutionProperties) = preSolution
		HideSolutionNode = FALSE
	EndGlobalSection
	GlobalSection(ExtensibilityGlobals) = postSolution
		SolutionGuid = {B3711EA8-6B8A-4252-9584-9078AEE686AF}
	EndGlobalSection
EndGlobal
